
Microsoft Visual Studio Solution File, Format Version 11.00
# Visual Studio 2010
Project("{8BC9CEB8-8B4A-11D0-8D11-00A0C91BC942}") = "lifegame", "lifegame\lifegame.vcxproj", "{EC67CDC1-BE4A-4216-8700-BB84B1BFB850}"
EndProject
Global
	GlobalSection(SolutionConfigurationPlatforms) = preSolution
		Debug|Win32 = Debug|Win32
		Release|Win32 = Release|Win32
	EndGlobalSection
	GlobalSection(ProjectConfigurationPlatforms) = postSolution
		{EC67CDC1-BE4A-4216-8700-BB84B1BFB850}.Debug|Win32.ActiveCfg = Debug|Win32
		{EC67CDC1-BE4A-4216-8700-BB84B1BFB850}.Debug|Win32.Build.0 = Debug|Win32
		{EC67CDC1-BE4A-4216-8700-BB84B1BFB850}.Release|Win32.ActiveCfg = Release|Win32
		{EC67CDC1-BE4A-4216-8700-BB84B1BFB850}.Release|Win32.Build.0 = Release|Win32
	EndGlobalSection
	GlobalSection(SolutionProperties) = preSolution
		HideSolutionNode = FALSE
	EndGlobalSection
EndGlobal
